
Microsoft Visual Studio Solution File, Format Version 12.00
# Visual Studio Version 16
VisualStudioVersion = 16.0.34407.143
MinimumVisualStudioVersion = 10.0.40219.1
Project("{8BC9CEB8-8B4A-11D0-8D11-00A0C91BC942}") = "LinkedList_new", "LinkedList_new\LinkedList_new.vcxproj", "{1A251402-B7A2-4C48-B591-8B96DAE5F671}"
EndProject
Global
	GlobalSection(SolutionConfigurationPlatforms) = preSolution
		Debug|x64 = Debug|x64
		Debug|x86 = Debug|x86
		Release|x64 = Release|x64
		Release|x86 = Release|x86
	EndGlobalSection
	GlobalSection(ProjectConfigurationPlatforms) = postSolution
		{1A251402-B7A2-4C48-B591-8B96DAE5F671}.Debug|x64.ActiveCfg = Debug|x64
		{1A251402-B7A2-4C48-B591-8B96DAE5F671}.Debug|x64.Build.0 = Debug|x64
		{1A251402-B7A2-4C48-B591-8B96DAE5F671}.Debug|x86.ActiveCfg = Debug|Win32
		{1A251402-B7A2-4C48-B591-8B96DAE5F671}.Debug|x86.Build.0 = Debug|Win32
		{1A251402-B7A2-4C48-B591-8B96DAE5F671}.Release|x64.ActiveCfg = Release|x64
		{1A251402-B7A2-4C48-B591-8B96DAE5F671}.Release|x64.Build.0 = Release|x64
		{1A251402-B7A2-4C48-B591-8B96DAE5F671}.Release|x86.ActiveCfg = Release|Win32
		{1A251402-B7A2-4C48-B591-8B96DAE5F671}.Release|x86.Build.0 = Release|Win32
	EndGlobalSection
	GlobalSection(SolutionProperties) = preSolution
		HideSolutionNode = FALSE
	EndGlobalSection
	GlobalSection(ExtensibilityGlobals) = postSolution
		SolutionGuid = {D5D74B10-4C67-4D74-B6F3-5148750C4529}
	EndGlobalSection
EndGlobal
